{
  "name": "next-app",
  "version": "0.1.0",
  "lockfileVersion": 3,
  "requires": true,
  "packages": {
    "": {
      "name": "next-app",
      "version": "0.1.0",
      "dependencies": {
        "next": "13.5.6",
        "react": "^18",
        "react-dom": "^18"
      },
      "devDependencies": {
        "@types/node": "^20",
        "@types/react": "^18",
        "@types/react-dom": "^18",
        "encoding": "^0.1.13",
        "typescript": "^5"
      }
    },
    "../../../../../../../../.nvm/versions/node/v20.9.0/lib/node_modules/llamaindex": {
      "version": "0.0.0-20231026231921",
      "extraneous": true,
      "license": "MIT",
      "dependencies": {
        "@anthropic-ai/sdk": "^0.8.1",
        "@notionhq/client": "^2.2.13",
        "lodash": "^4.17.21",
        "mammoth": "^1.6.0",
        "md-utils-ts": "^2.0.0",
        "mongodb": "^6.2.0",
        "notion-md-crawler": "^0.0.2",
        "openai": "^4.14.0",
        "papaparse": "^5.4.1",
        "pdf-parse": "^1.1.1",
        "portkey-ai": "^0.1.13",
        "rake-modified": "^1.0.8",
        "replicate": "^0.20.1",
        "string-strip-html": "^13.4.3",
        "tiktoken": "^1.0.10",
        "uuid": "^9.0.1",
        "wink-nlp": "^1.14.3"
      },
      "devDependencies": {
        "@types/lodash": "^4.14.200",
        "@types/node": "^18.18.7",
        "@types/papaparse": "^5.3.10",
        "@types/pdf-parse": "^1.1.3",
        "@types/uuid": "^9.0.6",
        "node-stdlib-browser": "^1.2.0",
        "tsup": "^7.2.0",
        "typescript": "^5.2.2"
      },
      "engines": {
        "node": ">=18.0.0"
      }
    },
    "node_modules/@next/env": {
      "version": "13.5.6",
      "license": "MIT"
    },
    "node_modules/@next/swc-darwin-arm64": {
      "version": "13.5.6",
      "cpu": [
        "arm64"
      ],
      "license": "MIT",
      "optional": true,
      "os": [
        "darwin"
      ],
      "engines": {
        "node": ">= 10"
      }
    },
    "node_modules/@next/swc-darwin-x64": {
      "version": "13.5.6",
      "resolved": "https://registry.npmjs.org/@next/swc-darwin-x64/-/swc-darwin-x64-13.5.6.tgz",
      "integrity": "sha512-6cgBfxg98oOCSr4BckWjLLgiVwlL3vlLj8hXg2b+nDgm4bC/qVXXLfpLB9FHdoDu4057hzywbxKvmYGmi7yUzA==",
      "cpu": [
        "x64"
      ],
      "optional": true,
      "os": [
        "darwin"
      ],
      "engines": {
        "node": ">= 10"
      }
    },
    "node_modules/@next/swc-linux-arm64-gnu": {
      "version": "13.5.6",
      "resolved": "https://registry.npmjs.org/@next/swc-linux-arm64-gnu/-/swc-linux-arm64-gnu-13.5.6.tgz",
      "integrity": "sha512-txagBbj1e1w47YQjcKgSU4rRVQ7uF29YpnlHV5xuVUsgCUf2FmyfJ3CPjZUvpIeXCJAoMCFAoGnbtX86BK7+sg==",
      "cpu": [
        "arm64"
      ],
      "optional": true,
      "os": [
        "linux"
      ],
      "engines": {
        "node": ">= 10"
      }
    },
    "node_modules/@next/swc-linux-arm64-musl": {
      "version": "13.5.6",
      "resolved": "https://registry.npmjs.org/@next/swc-linux-arm64-musl/-/swc-linux-arm64-musl-13.5.6.tgz",
      "integrity": "sha512-cGd+H8amifT86ZldVJtAKDxUqeFyLWW+v2NlBULnLAdWsiuuN8TuhVBt8ZNpCqcAuoruoSWynvMWixTFcroq+Q==",
      "cpu": [
        "arm64"
      ],
      "optional": true,
      "os": [
        "linux"
      ],
      "engines": {
        "node": ">= 10"
      }
    },
    "node_modules/@next/swc-linux-x64-gnu": {
      "version": "13.5.6",
      "resolved": "https://registry.npmjs.org/@next/swc-linux-x64-gnu/-/swc-linux-x64-gnu-13.5.6.tgz",
      "integrity": "sha512-Mc2b4xiIWKXIhBy2NBTwOxGD3nHLmq4keFk+d4/WL5fMsB8XdJRdtUlL87SqVCTSaf1BRuQQf1HvXZcy+rq3Nw==",
      "cpu": [
        "x64"
      ],
      "optional": true,
      "os": [
        "linux"
      ],
      "engines": {
        "node": ">= 10"
      }
    },
    "node_modules/@next/swc-linux-x64-musl": {
      "version": "13.5.6",
      "resolved": "https://registry.npmjs.org/@next/swc-linux-x64-musl/-/swc-linux-x64-musl-13.5.6.tgz",
      "integrity": "sha512-CFHvP9Qz98NruJiUnCe61O6GveKKHpJLloXbDSWRhqhkJdZD2zU5hG+gtVJR//tyW897izuHpM6Gtf6+sNgJPQ==",
      "cpu": [
        "x64"
      ],
      "optional": true,
      "os": [
        "linux"
      ],
      "engines": {
        "node": ">= 10"
      }
    },
    "node_modules/@next/swc-win32-arm64-msvc": {
      "version": "13.5.6",
      "resolved": "https://registry.npmjs.org/@next/swc-win32-arm64-msvc/-/swc-win32-arm64-msvc-13.5.6.tgz",
      "integrity": "sha512-aFv1ejfkbS7PUa1qVPwzDHjQWQtknzAZWGTKYIAaS4NMtBlk3VyA6AYn593pqNanlicewqyl2jUhQAaFV/qXsg==",
      "cpu": [
        "arm64"
      ],
      "optional": true,
      "os": [
        "win32"
      ],
      "engines": {
        "node": ">= 10"
      }
    },
    "node_modules/@next/swc-win32-ia32-msvc": {
      "version": "13.5.6",
      "resolved": "https://registry.npmjs.org/@next/swc-win32-ia32-msvc/-/swc-win32-ia32-msvc-13.5.6.tgz",
      "integrity": "sha512-XqqpHgEIlBHvzwG8sp/JXMFkLAfGLqkbVsyN+/Ih1mR8INb6YCc2x/Mbwi6hsAgUnqQztz8cvEbHJUbSl7RHDg==",
      "cpu": [
        "ia32"
      ],
      "optional": true,
      "os": [
        "win32"
      ],
      "engines": {
        "node": ">= 10"
      }
    },
    "node_modules/@next/swc-win32-x64-msvc": {
      "version": "13.5.6",
      "resolved": "https://registry.npmjs.org/@next/swc-win32-x64-msvc/-/swc-win32-x64-msvc-13.5.6.tgz",
      "integrity": "sha512-Cqfe1YmOS7k+5mGu92nl5ULkzpKuxJrP3+4AEuPmrpFZ3BHxTY3TnHmU1On3bFmFFs6FbTcdF58CCUProGpIGQ==",
      "cpu": [
        "x64"
      ],
      "optional": true,
      "os": [
        "win32"
      ],
      "engines": {
        "node": ">= 10"
      }
    },
    "node_modules/@swc/helpers": {
      "version": "0.5.2",
      "license": "Apache-2.0",
      "dependencies": {
        "tslib": "^2.4.0"
      }
    },
    "node_modules/@types/node": {
      "version": "20.8.9",
      "dev": true,
      "license": "MIT",
      "dependencies": {
        "undici-types": "~5.26.4"
      }
    },
    "node_modules/@types/prop-types": {
      "version": "15.7.9",
      "dev": true,
      "license": "MIT"
    },
    "node_modules/@types/react": {
      "version": "18.2.33",
      "dev": true,
      "license": "MIT",
      "dependencies": {
        "@types/prop-types": "*",
        "@types/scheduler": "*",
        "csstype": "^3.0.2"
      }
    },
    "node_modules/@types/react-dom": {
      "version": "18.2.14",
      "dev": true,
      "license": "MIT",
      "dependencies": {
        "@types/react": "*"
      }
    },
    "node_modules/@types/scheduler": {
      "version": "0.16.5",
      "dev": true,
      "license": "MIT"
    },
    "node_modules/busboy": {
      "version": "1.6.0",
      "dependencies": {
        "streamsearch": "^1.1.0"
      },
      "engines": {
        "node": ">=10.16.0"
      }
    },
    "node_modules/caniuse-lite": {
      "version": "1.0.30001554",
      "funding": [
        {
          "type": "opencollective",
          "url": "https://opencollective.com/browserslist"
        },
        {
          "type": "tidelift",
          "url": "https://tidelift.com/funding/github/npm/caniuse-lite"
        },
        {
          "type": "github",
          "url": "https://github.com/sponsors/ai"
        }
      ],
      "license": "CC-BY-4.0"
    },
    "node_modules/client-only": {
      "version": "0.0.1",
      "license": "MIT"
    },
    "node_modules/csstype": {
      "version": "3.1.2",
      "dev": true,
      "license": "MIT"
    },
    "node_modules/encoding": {
      "version": "0.1.13",
      "dev": true,
      "license": "MIT",
      "dependencies": {
        "iconv-lite": "^0.6.2"
      }
    },
    "node_modules/glob-to-regexp": {
      "version": "0.4.1",
      "license": "BSD-2-Clause"
    },
    "node_modules/graceful-fs": {
      "version": "4.2.11",
      "license": "ISC"
    },
    "node_modules/iconv-lite": {
      "version": "0.6.3",
      "dev": true,
      "license": "MIT",
      "dependencies": {
        "safer-buffer": ">= 2.1.2 < 3.0.0"
      },
      "engines": {
        "node": ">=0.10.0"
      }
    },
    "node_modules/js-tokens": {
      "version": "4.0.0",
      "license": "MIT"
    },
    "node_modules/loose-envify": {
      "version": "1.4.0",
      "license": "MIT",
      "dependencies": {
        "js-tokens": "^3.0.0 || ^4.0.0"
      },
      "bin": {
        "loose-envify": "cli.js"
      }
    },
    "node_modules/nanoid": {
      "version": "3.3.6",
      "funding": [
        {
          "type": "github",
          "url": "https://github.com/sponsors/ai"
        }
      ],
      "license": "MIT",
      "bin": {
        "nanoid": "bin/nanoid.cjs"
      },
      "engines": {
        "node": "^10 || ^12 || ^13.7 || ^14 || >=15.0.1"
      }
    },
    "node_modules/next": {
      "version": "13.5.6",
      "license": "MIT",
      "dependencies": {
        "@next/env": "13.5.6",
        "@swc/helpers": "0.5.2",
        "busboy": "1.6.0",
        "caniuse-lite": "^1.0.30001406",
        "postcss": "8.4.31",
        "styled-jsx": "5.1.1",
        "watchpack": "2.4.0"
      },
      "bin": {
        "next": "dist/bin/next"
      },
      "engines": {
        "node": ">=16.14.0"
      },
      "optionalDependencies": {
        "@next/swc-darwin-arm64": "13.5.6",
        "@next/swc-darwin-x64": "13.5.6",
        "@next/swc-linux-arm64-gnu": "13.5.6",
        "@next/swc-linux-arm64-musl": "13.5.6",
        "@next/swc-linux-x64-gnu": "13.5.6",
        "@next/swc-linux-x64-musl": "13.5.6",
        "@next/swc-win32-arm64-msvc": "13.5.6",
        "@next/swc-win32-ia32-msvc": "13.5.6",
        "@next/swc-win32-x64-msvc": "13.5.6"
      },
      "peerDependencies": {
        "@opentelemetry/api": "^1.1.0",
        "react": "^18.2.0",
        "react-dom": "^18.2.0",
        "sass": "^1.3.0"
      },
      "peerDependenciesMeta": {
        "@opentelemetry/api": {
          "optional": true
        },
        "sass": {
          "optional": true
        }
      }
    },
    "node_modules/picocolors": {
      "version": "1.0.0",
      "license": "ISC"
    },
    "node_modules/postcss": {
      "version": "8.4.31",
      "funding": [
        {
          "type": "opencollective",
          "url": "https://opencollective.com/postcss/"
        },
        {
          "type": "tidelift",
          "url": "https://tidelift.com/funding/github/npm/postcss"
        },
        {
          "type": "github",
          "url": "https://github.com/sponsors/ai"
        }
      ],
      "license": "MIT",
      "dependencies": {
        "nanoid": "^3.3.6",
        "picocolors": "^1.0.0",
        "source-map-js": "^1.0.2"
      },
      "engines": {
        "node": "^10 || ^12 || >=14"
      }
    },
    "node_modules/react": {
      "version": "18.2.0",
      "license": "MIT",
      "dependencies": {
        "loose-envify": "^1.1.0"
      },
      "engines": {
        "node": ">=0.10.0"
      }
    },
    "node_modules/react-dom": {
      "version": "18.2.0",
      "license": "MIT",
      "dependencies": {
        "loose-envify": "^1.1.0",
        "scheduler": "^0.23.0"
      },
      "peerDependencies": {
        "react": "^18.2.0"
      }
    },
    "node_modules/safer-buffer": {
      "version": "2.1.2",
      "dev": true,
      "license": "MIT"
    },
    "node_modules/scheduler": {
      "version": "0.23.0",
      "license": "MIT",
      "dependencies": {
        "loose-envify": "^1.1.0"
      }
    },
    "node_modules/source-map-js": {
      "version": "1.0.2",
      "license": "BSD-3-Clause",
      "engines": {
        "node": ">=0.10.0"
      }
    },
    "node_modules/streamsearch": {
      "version": "1.1.0",
      "engines": {
        "node": ">=10.0.0"
      }
    },
    "node_modules/styled-jsx": {
      "version": "5.1.1",
      "license": "MIT",
      "dependencies": {
        "client-only": "0.0.1"
      },
      "engines": {
        "node": ">= 12.0.0"
      },
      "peerDependencies": {
        "react": ">= 16.8.0 || 17.x.x || ^18.0.0-0"
      },
      "peerDependenciesMeta": {
        "@babel/core": {
          "optional": true
        },
        "babel-plugin-macros": {
          "optional": true
        }
      }
    },
    "node_modules/tslib": {
      "version": "2.6.2",
      "license": "0BSD"
    },
    "node_modules/typescript": {
      "version": "5.2.2",
      "dev": true,
      "license": "Apache-2.0",
      "bin": {
        "tsc": "bin/tsc",
        "tsserver": "bin/tsserver"
      },
      "engines": {
        "node": ">=14.17"
      }
    },
    "node_modules/undici-types": {
      "version": "5.26.5",
      "dev": true,
      "license": "MIT"
    },
    "node_modules/watchpack": {
      "version": "2.4.0",
      "license": "MIT",
      "dependencies": {
        "glob-to-regexp": "^0.4.1",
        "graceful-fs": "^4.1.2"
      },
      "engines": {
        "node": ">=10.13.0"
      }
    }
  }
}
